{
  "name": "cleaner.js",
  "version": "1.0.0",
  "lockfileVersion": 1,
  "dependencies": {
    "executable": {
      "version": "4.1.1",
      "resolved": "https://registry.npmjs.org/executable/-/executable-4.1.1.tgz",
      "integrity": "sha512-8iA79xD3uAch729dUG8xaaBBFGaEa0wdD2VkYLFHwlqosEj/jT66AzcreRDSgV7ehnNLBW2WR5jIXwGKjVdTLg=="
    },
    "pify": {
      "version": "2.3.0",
      "resolved": "https://registry.npmjs.org/pify/-/pify-2.3.0.tgz",
      "integrity": "sha1-7RQaasBDqEnqWISY59yosVMw6Qw="
    }
  }
}
